// !$*UTF8*$!
{
	archiveVersion = 1;
	classes = {
	};
	objectVersion = 56;
	objects = {

/* Begin PBXBuildFile section */
		CA200F632BAD3E640019CD4E /* national_parksApp.swift in Sources */ = {isa = PBXBuildFile; fileRef = CA200F622BAD3E640019CD4E /* national_parksApp.swift */; };
		CA200F652BAD3E640019CD4E /* ContentView.swift in Sources */ = {isa = PBXBuildFile; fileRef = CA200F642BAD3E640019CD4E /* ContentView.swift */; };
		CA200F672BAD3E650019CD4E /* Assets.xcassets in Resources */ = {isa = PBXBuildFile; fileRef = CA200F662BAD3E650019CD4E /* Assets.xcassets */; };
		CA200F6B2BAD3E650019CD4E /* Preview Assets.xcassets in Resources */ = {isa = PBXBuildFile; fileRef = CA200F6A2BAD3E650019CD4E /* Preview Assets.xcassets */; };
		CA200F752BAD3E650019CD4E /* national_parksTests.swift in Sources */ = {isa = PBXBuildFile; fileRef = CA200F742BAD3E650019CD4E /* national_parksTests.swift */; };
		CA200F7F2BAD3E650019CD4E /* national_parksUITests.swift in Sources */ = {isa = PBXBuildFile; fileRef = CA200F7E2BAD3E650019CD4E /* national_parksUITests.swift */; };
		CA200F812BAD3E650019CD4E /* national_parksUITestsLaunchTests.swift in Sources */ = {isa = PBXBuildFile; fileRef = CA200F802BAD3E650019CD4E /* national_parksUITestsLaunchTests.swift */; };
/* End PBXBuildFile section */

/* Begin PBXContainerItemProxy section */
		CA200F712BAD3E650019CD4E /* PBXContainerItemProxy */ = {
			isa = PBXContainerItemProxy;
			containerPortal = CA200F572BAD3E640019CD4E /* Project object */;
			proxyType = 1;
			remoteGlobalIDString = CA200F5E2BAD3E640019CD4E;
			remoteInfo = "national-parks";
		};
		CA200F7B2BAD3E650019CD4E /* PBXContainerItemProxy */ = {
			isa = PBXContainerItemProxy;
			containerPortal = CA200F572BAD3E640019CD4E /* Project object */;
			proxyType = 1;
			remoteGlobalIDString = CA200F5E2BAD3E640019CD4E;
			remoteInfo = "national-parks";
		};
/* End PBXContainerItemProxy section */

/* Begin PBXFileReference section */
		CA200F5F2BAD3E640019CD4E /* national-parks.app */ = {isa = PBXFileReference; explicitFileType = wrapper.application; includeInIndex = 0; path = "national-parks.app"; sourceTree = BUILT_PRODUCTS_DIR; };
		CA200F622BAD3E640019CD4E /* national_parksApp.swift */ = {isa = PBXFileReference; lastKnownFileType = sourcecode.swift; path = national_parksApp.swift; sourceTree = "<group>"; };
		CA200F642BAD3E640019CD4E /* ContentView.swift */ = {isa = PBXFileReference; lastKnownFileType = sourcecode.swift; path = ContentView.swift; sourceTree = "<group>"; };
		CA200F662BAD3E650019CD4E /* Assets.xcassets */ = {isa = PBXFileReference; lastKnownFileType = folder.assetcatalog; path = Assets.xcassets; sourceTree = "<group>"; };
		CA200F682BAD3E650019CD4E /* national_parks.entitlements */ = {isa = PBXFileReference; lastKnownFileType = text.plist.entitlements; path = national_parks.entitlements; sourceTree = "<group>"; };
		CA200F6A2BAD3E650019CD4E /* Preview Assets.xcassets */ = {isa = PBXFileReference; lastKnownFileType = folder.assetcatalog; path = "Preview Assets.xcassets"; sourceTree = "<group>"; };
		CA200F702BAD3E650019CD4E /* national-parksTests.xctest */ = {isa = PBXFileReference; explicitFileType = wrapper.cfbundle; includeInIndex = 0; path = "national-parksTests.xctest"; sourceTree = BUILT_PRODUCTS_DIR; };
		CA200F742BAD3E650019CD4E /* national_parksTests.swift */ = {isa = PBXFileReference; lastKnownFileType = sourcecode.swift; path = national_parksTests.swift; sourceTree = "<group>"; };
		CA200F7A2BAD3E650019CD4E /* national-parksUITests.xctest */ = {isa = PBXFileReference; explicitFileType = wrapper.cfbundle; includeInIndex = 0; path = "national-parksUITests.xctest"; sourceTree = BUILT_PRODUCTS_DIR; };
		CA200F7E2BAD3E650019CD4E /* national_parksUITests.swift */ = {isa = PBXFileReference; lastKnownFileType = sourcecode.swift; path = national_parksUITests.swift; sourceTree = "<group>"; };
		CA200F802BAD3E650019CD4E /* national_parksUITestsLaunchTests.swift */ = {isa = PBXFileReference; lastKnownFileType = sourcecode.swift; path = national_parksUITestsLaunchTests.swift; sourceTree = "<group>"; };
/* End PBXFileReference section */

/* Begin PBXFrameworksBuildPhase section */
		CA200F5C2BAD3E640019CD4E /* Frameworks */ = {
			isa = PBXFrameworksBuildPhase;
			buildActionMask = 2147483647;
			files = (
			);
			runOnlyForDeploymentPostprocessing = 0;
		};
		CA200F6D2BAD3E650019CD4E /* Frameworks */ = {
			isa = PBXFrameworksBuildPhase;
			buildActionMask = 2147483647;
			files = (
			);
			runOnlyForDeploymentPostprocessing = 0;
		};
		CA200F772BAD3E650019CD4E /* Frameworks */ = {
			isa = PBXFrameworksBuildPhase;
			buildActionMask = 2147483647;
			files = (
			);
			runOnlyForDeploymentPostprocessing = 0;
		};
/* End PBXFrameworksBuildPhase section */

/* Begin PBXGroup section */
		CA200F562BAD3E640019CD4E = {
			isa = PBXGroup;
			children = (
				CA200F612BAD3E640019CD4E /* national-parks */,
				CA200F732BAD3E650019CD4E /* national-parksTests */,
				CA200F7D2BAD3E650019CD4E /* national-parksUITests */,
				CA200F602BAD3E640019CD4E /* Products */,
			);
			sourceTree = "<group>";
		};
		CA200F602BAD3E640019CD4E /* Products */ = {
			isa = PBXGroup;
			children = (
				CA200F5F2BAD3E640019CD4E /* national-parks.app */,
				CA200F702BAD3E650019CD4E /* national-parksTests.xctest */,
				CA200F7A2BAD3E650019CD4E /* national-parksUITests.xctest */,
			);
			name = Products;
			sourceTree = "<group>";
		};
		CA200F612BAD3E640019CD4E /* national-parks */ = {
			isa = PBXGroup;
			children = (
				CA200F622BAD3E640019CD4E /* national_parksApp.swift */,
				CA200F642BAD3E640019CD4E /* ContentView.swift */,
				CA200F662BAD3E650019CD4E /* Assets.xcassets */,
				CA200F682BAD3E650019CD4E /* national_parks.entitlements */,
				CA200F692BAD3E650019CD4E /* Preview Content */,
			);
			path = "national-parks";
			sourceTree = "<group>";
		};
		CA200F692BAD3E650019CD4E /* Preview Content */ = {
			isa = PBXGroup;
			children = (
				CA200F6A2BAD3E650019CD4E /* Preview Assets.xcassets */,
			);
			path = "Preview Content";
			sourceTree = "<group>";
		};
		CA200F732BAD3E650019CD4E /* national-parksTests */ = {
			isa = PBXGroup;
			children = (
				CA200F742BAD3E650019CD4E /* national_parksTests.swift */,
			);
			path = "national-parksTests";
			sourceTree = "<group>";
		};
		CA200F7D2BAD3E650019CD4E /* national-parksUITests */ = {
			isa = PBXGroup;
			children = (
				CA200F7E2BAD3E650019CD4E /* national_parksUITests.swift */,
				CA200F802BAD3E650019CD4E /* national_parksUITestsLaunchTests.swift */,
			);
			path = "national-parksUITests";
			sourceTree = "<group>";
		};
/* End PBXGroup section */

/* Begin PBXNativeTarget section */
		CA200F5E2BAD3E640019CD4E /* national-parks */ = {
			isa = PBXNativeTarget;
			buildConfigurationList = CA200F842BAD3E650019CD4E /* Build configuration list for PBXNativeTarget "national-parks" */;
			buildPhases = (
				CA200F5B2BAD3E640019CD4E /* Sources */,
				CA200F5C2BAD3E640019CD4E /* Frameworks */,
				CA200F5D2BAD3E640019CD4E /* Resources */,
			);
			buildRules = (
			);
			dependencies = (
			);
			name = "national-parks";
			productName = "national-parks";
			productReference = CA200F5F2BAD3E640019CD4E /* national-parks.app */;
			productType = "com.apple.product-type.application";
		};
		CA200F6F2BAD3E650019CD4E /* national-parksTests */ = {
			isa = PBXNativeTarget;
			buildConfigurationList = CA200F872BAD3E650019CD4E /* Build configuration list for PBXNativeTarget "national-parksTests" */;
			buildPhases = (
				CA200F6C2BAD3E650019CD4E /* Sources */,
				CA200F6D2BAD3E650019CD4E /* Frameworks */,
				CA200F6E2BAD3E650019CD4E /* Resources */,
			);
			buildRules = (
			);
			dependencies = (
				CA200F722BAD3E650019CD4E /* PBXTargetDependency */,
			);
			name = "national-parksTests";
			productName = "national-parksTests";
			productReference = CA200F702BAD3E650019CD4E /* national-parksTests.xctest */;
			productType = "com.apple.product-type.bundle.unit-test";
		};
		CA200F792BAD3E650019CD4E /* national-parksUITests */ = {
			isa = PBXNativeTarget;
			buildConfigurationList = CA200F8A2BAD3E650019CD4E /* Build configuration list for PBXNativeTarget "national-parksUITests" */;
			buildPhases = (
				CA200F762BAD3E650019CD4E /* Sources */,
				CA200F772BAD3E650019CD4E /* Frameworks */,
				CA200F782BAD3E650019CD4E /* Resources */,
			);
			buildRules = (
			);
			dependencies = (
				CA200F7C2BAD3E650019CD4E /* PBXTargetDependency */,
			);
			name = "national-parksUITests";
			productName = "national-parksUITests";
			productReference = CA200F7A2BAD3E650019CD4E /* national-parksUITests.xctest */;
			productType = "com.apple.product-type.bundle.ui-testing";
		};
/* End PBXNativeTarget section */

/* Begin PBXProject section */
		CA200F572BAD3E640019CD4E /* Project object */ = {
			isa = PBXProject;
			attributes = {
				BuildIndependentTargetsInParallel = 1;
				LastSwiftUpdateCheck = 1500;
				LastUpgradeCheck = 1500;
				TargetAttributes = {
					CA200F5E2BAD3E640019CD4E = {
						CreatedOnToolsVersion = 15.0;
					};
					CA200F6F2BAD3E650019CD4E = {
						CreatedOnToolsVersion = 15.0;
						TestTargetID = CA200F5E2BAD3E640019CD4E;
					};
					CA200F792BAD3E650019CD4E = {
						CreatedOnToolsVersion = 15.0;
						TestTargetID = CA200F5E2BAD3E640019CD4E;
					};
				};
			};
			buildConfigurationList = CA200F5A2BAD3E640019CD4E /* Build configuration list for PBXProject "national-parks" */;
			compatibilityVersion = "Xcode 14.0";
			developmentRegion = en;
			hasScannedForEncodings = 0;
			knownRegions = (
				en,
				Base,
			);
			mainGroup = CA200F562BAD3E640019CD4E;
			productRefGroup = CA200F602BAD3E640019CD4E /* Products */;
			projectDirPath = "";
			projectRoot = "";
			targets = (
				CA200F5E2BAD3E640019CD4E /* national-parks */,
				CA200F6F2BAD3E650019CD4E /* national-parksTests */,
				CA200F792BAD3E650019CD4E /* national-parksUITests */,
			);
		};
/* End PBXProject section */

/* Begin PBXResourcesBuildPhase section */
		CA200F5D2BAD3E640019CD4E /* Resources */ = {
			isa = PBXResourcesBuildPhase;
			buildActionMask = 2147483647;
			files = (
				CA200F6B2BAD3E650019CD4E /* Preview Assets.xcassets in Resources */,
				CA200F672BAD3E650019CD4E /* Assets.xcassets in Resources */,
			);
			runOnlyForDeploymentPostprocessing = 0;
		};
		CA200F6E2BAD3E650019CD4E /* Resources */ = {
			isa = PBXResourcesBuildPhase;
			buildActionMask = 2147483647;
			files = (
			);
			runOnlyForDeploymentPostprocessing = 0;
		};
		CA200F782BAD3E650019CD4E /* Resources */ = {
			isa = PBXResourcesBuildPhase;
			buildActionMask = 2147483647;
			files = (
			);
			runOnlyForDeploymentPostprocessing = 0;
		};
/* End PBXResourcesBuildPhase section */

/* Begin PBXSourcesBuildPhase section */
		CA200F5B2BAD3E640019CD4E /* Sources */ = {
			isa = PBXSourcesBuildPhase;
			buildActionMask = 2147483647;
			files = (
				CA200F652BAD3E640019CD4E /* ContentView.swift in Sources */,
				CA200F632BAD3E640019CD4E /* national_parksApp.swift in Sources */,
			);
			runOnlyForDeploymentPostprocessing = 0;
		};
		CA200F6C2BAD3E650019CD4E /* Sources */ = {
			isa = PBXSourcesBuildPhase;
			buildActionMask = 2147483647;
			files = (
				CA200F752BAD3E650019CD4E /* national_parksTests.swift in Sources */,
			);
			runOnlyForDeploymentPostprocessing = 0;
		};
		CA200F762BAD3E650019CD4E /* Sources */ = {
			isa = PBXSourcesBuildPhase;
			buildActionMask = 2147483647;
			files = (
				CA200F812BAD3E650019CD4E /* national_parksUITestsLaunchTests.swift in Sources */,
				CA200F7F2BAD3E650019CD4E /* national_parksUITests.swift in Sources */,
			);
			runOnlyForDeploymentPostprocessing = 0;
		};
/* End PBXSourcesBuildPhase section */

/* Begin PBXTargetDependency section */
		CA200F722BAD3E650019CD4E /* PBXTargetDependency */ = {
			isa = PBXTargetDependency;
			target = CA200F5E2BAD3E640019CD4E /* national-parks */;
			targetProxy = CA200F712BAD3E650019CD4E /* PBXContainerItemProxy */;
		};
		CA200F7C2BAD3E650019CD4E /* PBXTargetDependency */ = {
			isa = PBXTargetDependency;
			target = CA200F5E2BAD3E640019CD4E /* national-parks */;
			targetProxy = CA200F7B2BAD3E650019CD4E /* PBXContainerItemProxy */;
		};
/* End PBXTargetDependency section */

/* Begin XCBuildConfiguration section */
		CA200F822BAD3E650019CD4E /* Debug */ = {
			isa = XCBuildConfiguration;
			buildSettings = {
				ALWAYS_SEARCH_USER_PATHS = NO;
				ASSETCATALOG_COMPILER_GENERATE_SWIFT_ASSET_SYMBOL_EXTENSIONS = YES;
				CLANG_ANALYZER_NONNULL = YES;
				CLANG_ANALYZER_NUMBER_OBJECT_CONVERSION = YES_AGGRESSIVE;
				CLANG_CXX_LANGUAGE_STANDARD = "gnu++20";
				CLANG_ENABLE_MODULES = YES;
				CLANG_ENABLE_OBJC_ARC = YES;
				CLANG_ENABLE_OBJC_WEAK = YES;
				CLANG_WARN_BLOCK_CAPTURE_AUTORELEASING = YES;
				CLANG_WARN_BOOL_CONVERSION = YES;
				CLANG_WARN_COMMA = YES;
				CLANG_WARN_CONSTANT_CONVERSION = YES;
				CLANG_WARN_DEPRECATED_OBJC_IMPLEMENTATIONS = YES;
				CLANG_WARN_DIRECT_OBJC_ISA_USAGE = YES_ERROR;
				CLANG_WARN_DOCUMENTATION_COMMENTS = YES;
				CLANG_WARN_EMPTY_BODY = YES;
				CLANG_WARN_ENUM_CONVERSION = YES;
				CLANG_WARN_INFINITE_RECURSION = YES;
				CLANG_WARN_INT_CONVERSION = YES;
				CLANG_WARN_NON_LITERAL_NULL_CONVERSION = YES;
				CLANG_WARN_OBJC_IMPLICIT_RETAIN_SELF = YES;
				CLANG_WARN_OBJC_LITERAL_CONVERSION = YES;
				CLANG_WARN_OBJC_ROOT_CLASS = YES_ERROR;
				CLANG_WARN_QUOTED_INCLUDE_IN_FRAMEWORK_HEADER = YES;
				CLANG_WARN_RANGE_LOOP_ANALYSIS = YES;
				CLANG_WARN_STRICT_PROTOTYPES = YES;
				CLANG_WARN_SUSPICIOUS_MOVE = YES;
				CLANG_WARN_UNGUARDED_AVAILABILITY = YES_AGGRESSIVE;
				CLANG_WARN_UNREACHABLE_CODE = YES;
				CLANG_WARN__DUPLICATE_METHOD_MATCH = YES;
				COPY_PHASE_STRIP = NO;
				DEBUG_INFORMATION_FORMAT = dwarf;
				ENABLE_STRICT_OBJC_MSGSEND = YES;
				ENABLE_TESTABILITY = YES;
				ENABLE_USER_SCRIPT_SANDBOXING = YES;
				GCC_C_LANGUAGE_STANDARD = gnu17;
				GCC_DYNAMIC_NO_PIC = NO;
				GCC_NO_COMMON_BLOCKS = YES;
				GCC_OPTIMIZATION_LEVEL = 0;
				GCC_PREPROCESSOR_DEFINITIONS = (
					"DEBUG=1",
					"$(inherited)",
				);
				GCC_WARN_64_TO_32_BIT_CONVERSION = YES;
				GCC_WARN_ABOUT_RETURN_TYPE = YES_ERROR;
				GCC_WARN_UNDECLARED_SELECTOR = YES;
				GCC_WARN_UNINITIALIZED_AUTOS = YES_AGGRESSIVE;
				GCC_WARN_UNUSED_FUNCTION = YES;
				GCC_WARN_UNUSED_VARIABLE = YES;
				LOCALIZATION_PREFERS_STRING_CATALOGS = YES;
				MTL_ENABLE_DEBUG_INFO = INCLUDE_SOURCE;
				MTL_FAST_MATH = YES;
				ONLY_ACTIVE_ARCH = YES;
				SWIFT_ACTIVE_COMPILATION_CONDITIONS = "DEBUG $(inherited)";
				SWIFT_OPTIMIZATION_LEVEL = "-Onone";
			};
			name = Debug;
		};
		CA200F832BAD3E650019CD4E /* Release */ = {
			isa = XCBuildConfiguration;
			buildSettings = {
				ALWAYS_SEARCH_USER_PATHS = NO;
				ASSETCATALOG_COMPILER_GENERATE_SWIFT_ASSET_SYMBOL_EXTENSIONS = YES;
				CLANG_ANALYZER_NONNULL = YES;
				CLANG_ANALYZER_NUMBER_OBJECT_CONVERSION = YES_AGGRESSIVE;
				CLANG_CXX_LANGUAGE_STANDARD = "gnu++20";
				CLANG_ENABLE_MODULES = YES;
				CLANG_ENABLE_OBJC_ARC = YES;
				CLANG_ENABLE_OBJC_WEAK = YES;
				CLANG_WARN_BLOCK_CAPTURE_AUTORELEASING = YES;
				CLANG_WARN_BOOL_CONVERSION = YES;
				CLANG_WARN_COMMA = YES;
				CLANG_WARN_CONSTANT_CONVERSION = YES;
				CLANG_WARN_DEPRECATED_OBJC_IMPLEMENTATIONS = YES;
				CLANG_WARN_DIRECT_OBJC_ISA_USAGE = YES_ERROR;
				CLANG_WARN_DOCUMENTATION_COMMENTS = YES;
				CLANG_WARN_EMPTY_BODY = YES;
				CLANG_WARN_ENUM_CONVERSION = YES;
				CLANG_WARN_INFINITE_RECURSION = YES;
				CLANG_WARN_INT_CONVERSION = YES;
				CLANG_WARN_NON_LITERAL_NULL_CONVERSION = YES;
				CLANG_WARN_OBJC_IMPLICIT_RETAIN_SELF = YES;
				CLANG_WARN_OBJC_LITERAL_CONVERSION = YES;
				CLANG_WARN_OBJC_ROOT_CLASS = YES_ERROR;
				CLANG_WARN_QUOTED_INCLUDE_IN_FRAMEWORK_HEADER = YES;
				CLANG_WARN_RANGE_LOOP_ANALYSIS = YES;
				CLANG_WARN_STRICT_PROTOTYPES = YES;
				CLANG_WARN_SUSPICIOUS_MOVE = YES;
				CLANG_WARN_UNGUARDED_AVAILABILITY = YES_AGGRESSIVE;
				CLANG_WARN_UNREACHABLE_CODE = YES;
				CLANG_WARN__DUPLICATE_METHOD_MATCH = YES;
				COPY_PHASE_STRIP = NO;
				DEBUG_INFORMATION_FORMAT = "dwarf-with-dsym";
				ENABLE_NS_ASSERTIONS = NO;
				ENABLE_STRICT_OBJC_MSGSEND = YES;
				ENABLE_USER_SCRIPT_SANDBOXING = YES;
				GCC_C_LANGUAGE_STANDARD = gnu17;
				GCC_NO_COMMON_BLOCKS = YES;
				GCC_WARN_64_TO_32_BIT_CONVERSION = YES;
				GCC_WARN_ABOUT_RETURN_TYPE = YES_ERROR;
				GCC_WARN_UNDECLARED_SELECTOR = YES;
				GCC_WARN_UNINITIALIZED_AUTOS = YES_AGGRESSIVE;
				GCC_WARN_UNUSED_FUNCTION = YES;
				GCC_WARN_UNUSED_VARIABLE = YES;
				LOCALIZATION_PREFERS_STRING_CATALOGS = YES;
				MTL_ENABLE_DEBUG_INFO = NO;
				MTL_FAST_MATH = YES;
				SWIFT_COMPILATION_MODE = wholemodule;
			};
			name = Release;
		};
		CA200F852BAD3E650019CD4E /* Debug */ = {
			isa = XCBuildConfiguration;
			buildSettings = {
				ASSETCATALOG_COMPILER_APPICON_NAME = AppIcon;
				ASSETCATALOG_COMPILER_GLOBAL_ACCENT_COLOR_NAME = AccentColor;
				CODE_SIGN_ENTITLEMENTS = "national-parks/national_parks.entitlements";
				CODE_SIGN_STYLE = Automatic;
				CURRENT_PROJECT_VERSION = 1;
				DEVELOPMENT_ASSET_PATHS = "\"national-parks/Preview Content\"";
				DEVELOPMENT_TEAM = 9G877H3ZU2;
				ENABLE_HARDENED_RUNTIME = YES;
				ENABLE_PREVIEWS = YES;
				GENERATE_INFOPLIST_FILE = YES;
				"INFOPLIST_KEY_UIApplicationSceneManifest_Generation[sdk=iphoneos*]" = YES;
				"INFOPLIST_KEY_UIApplicationSceneManifest_Generation[sdk=iphonesimulator*]" = YES;
				"INFOPLIST_KEY_UIApplicationSupportsIndirectInputEvents[sdk=iphoneos*]" = YES;
				"INFOPLIST_KEY_UIApplicationSupportsIndirectInputEvents[sdk=iphonesimulator*]" = YES;
				"INFOPLIST_KEY_UILaunchScreen_Generation[sdk=iphoneos*]" = YES;
				"INFOPLIST_KEY_UILaunchScreen_Generation[sdk=iphonesimulator*]" = YES;
				"INFOPLIST_KEY_UIStatusBarStyle[sdk=iphoneos*]" = UIStatusBarStyleDefault;
				"INFOPLIST_KEY_UIStatusBarStyle[sdk=iphonesimulator*]" = UIStatusBarStyleDefault;
				INFOPLIST_KEY_UISupportedInterfaceOrientations_iPad = "UIInterfaceOrientationPortrait UIInterfaceOrientationPortraitUpsideDown UIInterfaceOrientationLandscapeLeft UIInterfaceOrientationLandscapeRight";
				INFOPLIST_KEY_UISupportedInterfaceOrientations_iPhone = "UIInterfaceOrientationPortrait UIInterfaceOrientationLandscapeLeft UIInterfaceOrientationLandscapeRight";
				IPHONEOS_DEPLOYMENT_TARGET = 17.0;
				LD_RUNPATH_SEARCH_PATHS = "@executable_path/Frameworks";
				"LD_RUNPATH_SEARCH_PATHS[sdk=macosx*]" = "@executable_path/../Frameworks";
				MACOSX_DEPLOYMENT_TARGET = 14.0;
				MARKETING_VERSION = 1.0;
				PRODUCT_BUNDLE_IDENTIFIER = "com.paigethompson.national-parks";
				PRODUCT_NAME = "$(TARGET_NAME)";
				SDKROOT = auto;
				SUPPORTED_PLATFORMS = "iphoneos iphonesimulator macosx";
				SWIFT_EMIT_LOC_STRINGS = YES;
				SWIFT_VERSION = 5.0;
				TARGETED_DEVICE_FAMILY = "1,2";
			};
			name = Debug;
		};
		CA200F862BAD3E650019CD4E /* Release */ = {
			isa = XCBuildConfiguration;
			buildSettings = {
				ASSETCATALOG_COMPILER_APPICON_NAME = AppIcon;
				ASSETCATALOG_COMPILER_GLOBAL_ACCENT_COLOR_NAME = AccentColor;
				CODE_SIGN_ENTITLEMENTS = "national-parks/national_parks.entitlements";
				CODE_SIGN_STYLE = Automatic;
				CURRENT_PROJECT_VERSION = 1;
				DEVELOPMENT_ASSET_PATHS = "\"national-parks/Preview Content\"";
				DEVELOPMENT_TEAM = 9G877H3ZU2;
				ENABLE_HARDENED_RUNTIME = YES;
				ENABLE_PREVIEWS = YES;
				GENERATE_INFOPLIST_FILE = YES;
				"INFOPLIST_KEY_UIApplicationSceneManifest_Generation[sdk=iphoneos*]" = YES;
				"INFOPLIST_KEY_UIApplicationSceneManifest_Generation[sdk=iphonesimulator*]" = YES;
				"INFOPLIST_KEY_UIApplicationSupportsIndirectInputEvents[sdk=iphoneos*]" = YES;
				"INFOPLIST_KEY_UIApplicationSupportsIndirectInputEvents[sdk=iphonesimulator*]" = YES;
				"INFOPLIST_KEY_UILaunchScreen_Generation[sdk=iphoneos*]" = YES;
				"INFOPLIST_KEY_UILaunchScreen_Generation[sdk=iphonesimulator*]" = YES;
				"INFOPLIST_KEY_UIStatusBarStyle[sdk=iphoneos*]" = UIStatusBarStyleDefault;
				"INFOPLIST_KEY_UIStatusBarStyle[sdk=iphonesimulator*]" = UIStatusBarStyleDefault;
				INFOPLIST_KEY_UISupportedInterfaceOrientations_iPad = "UIInterfaceOrientationPortrait UIInterfaceOrientationPortraitUpsideDown UIInterfaceOrientationLandscapeLeft UIInterfaceOrientationLandscapeRight";
				INFOPLIST_KEY_UISupportedInterfaceOrientations_iPhone = "UIInterfaceOrientationPortrait UIInterfaceOrientationLandscapeLeft UIInterfaceOrientationLandscapeRight";
				IPHONEOS_DEPLOYMENT_TARGET = 17.0;
				LD_RUNPATH_SEARCH_PATHS = "@executable_path/Frameworks";
				"LD_RUNPATH_SEARCH_PATHS[sdk=macosx*]" = "@executable_path/../Frameworks";
				MACOSX_DEPLOYMENT_TARGET = 14.0;
				MARKETING_VERSION = 1.0;
				PRODUCT_BUNDLE_IDENTIFIER = "com.paigethompson.national-parks";
				PRODUCT_NAME = "$(TARGET_NAME)";
				SDKROOT = auto;
				SUPPORTED_PLATFORMS = "iphoneos iphonesimulator macosx";
				SWIFT_EMIT_LOC_STRINGS = YES;
				SWIFT_VERSION = 5.0;
				TARGETED_DEVICE_FAMILY = "1,2";
			};
			name = Release;
		};
		CA200F882BAD3E650019CD4E /* Debug */ = {
			isa = XCBuildConfiguration;
			buildSettings = {
				ALWAYS_EMBED_SWIFT_STANDARD_LIBRARIES = YES;
				BUNDLE_LOADER = "$(TEST_HOST)";
				CODE_SIGN_STYLE = Automatic;
				CURRENT_PROJECT_VERSION = 1;
				DEVELOPMENT_TEAM = 9G877H3ZU2;
				GENERATE_INFOPLIST_FILE = YES;
				IPHONEOS_DEPLOYMENT_TARGET = 17.0;
				MACOSX_DEPLOYMENT_TARGET = 14.0;
				MARKETING_VERSION = 1.0;
				PRODUCT_BUNDLE_IDENTIFIER = "com.paigethompson.national-parksTests";
				PRODUCT_NAME = "$(TARGET_NAME)";
				SDKROOT = auto;
				SUPPORTED_PLATFORMS = "iphoneos iphonesimulator macosx";
				SWIFT_EMIT_LOC_STRINGS = NO;
				SWIFT_VERSION = 5.0;
				TARGETED_DEVICE_FAMILY = "1,2";
				TEST_HOST = "$(BUILT_PRODUCTS_DIR)/national-parks.app/$(BUNDLE_EXECUTABLE_FOLDER_PATH)/national-parks";
			};
			name = Debug;
		};
		CA200F892BAD3E650019CD4E /* Release */ = {
			isa = XCBuildConfiguration;
			buildSettings = {
				ALWAYS_EMBED_SWIFT_STANDARD_LIBRARIES = YES;
				BUNDLE_LOADER = "$(TEST_HOST)";
				CODE_SIGN_STYLE = Automatic;
				CURRENT_PROJECT_VERSION = 1;
				DEVELOPMENT_TEAM = 9G877H3ZU2;
				GENERATE_INFOPLIST_FILE = YES;
				IPHONEOS_DEPLOYMENT_TARGET = 17.0;
				MACOSX_DEPLOYMENT_TARGET = 14.0;
				MARKETING_VERSION = 1.0;
				PRODUCT_BUNDLE_IDENTIFIER = "com.paigethompson.national-parksTests";
				PRODUCT_NAME = "$(TARGET_NAME)";
				SDKROOT = auto;
				SUPPORTED_PLATFORMS = "iphoneos iphonesimulator macosx";
				SWIFT_EMIT_LOC_STRINGS = NO;
				SWIFT_VERSION = 5.0;
				TARGETED_DEVICE_FAMILY = "1,2";
				TEST_HOST = "$(BUILT_PRODUCTS_DIR)/national-parks.app/$(BUNDLE_EXECUTABLE_FOLDER_PATH)/national-parks";
			};
			name = Release;
		};
		CA200F8B2BAD3E650019CD4E /* Debug */ = {
			isa = XCBuildConfiguration;
			buildSettings = {
				ALWAYS_EMBED_SWIFT_STANDARD_LIBRARIES = YES;
				CODE_SIGN_STYLE = Automatic;
				CURRENT_PROJECT_VERSION = 1;
				DEVELOPMENT_TEAM = 9G877H3ZU2;
				GENERATE_INFOPLIST_FILE = YES;
				IPHONEOS_DEPLOYMENT_TARGET = 17.0;
				MACOSX_DEPLOYMENT_TARGET = 14.0;
				MARKETING_VERSION = 1.0;
				PRODUCT_BUNDLE_IDENTIFIER = "com.paigethompson.national-parksUITests";
				PRODUCT_NAME = "$(TARGET_NAME)";
				SDKROOT = auto;
				SUPPORTED_PLATFORMS = "iphoneos iphonesimulator macosx";
				SWIFT_EMIT_LOC_STRINGS = NO;
				SWIFT_VERSION = 5.0;
				TARGETED_DEVICE_FAMILY = "1,2";
				TEST_TARGET_NAME = "national-parks";
			};
			name = Debug;
		};
		CA200F8C2BAD3E650019CD4E /* Release */ = {
			isa = XCBuildConfiguration;
			buildSettings = {
				ALWAYS_EMBED_SWIFT_STANDARD_LIBRARIES = YES;
				CODE_SIGN_STYLE = Automatic;
				CURRENT_PROJECT_VERSION = 1;
				DEVELOPMENT_TEAM = 9G877H3ZU2;
				GENERATE_INFOPLIST_FILE = YES;
				IPHONEOS_DEPLOYMENT_TARGET = 17.0;
				MACOSX_DEPLOYMENT_TARGET = 14.0;
				MARKETING_VERSION = 1.0;
				PRODUCT_BUNDLE_IDENTIFIER = "com.paigethompson.national-parksUITests";
				PRODUCT_NAME = "$(TARGET_NAME)";
				SDKROOT = auto;
				SUPPORTED_PLATFORMS = "iphoneos iphonesimulator macosx";
				SWIFT_EMIT_LOC_STRINGS = NO;
				SWIFT_VERSION = 5.0;
				TARGETED_DEVICE_FAMILY = "1,2";
				TEST_TARGET_NAME = "national-parks";
			};
			name = Release;
		};
/* End XCBuildConfiguration section */

/* Begin XCConfigurationList section */
		CA200F5A2BAD3E640019CD4E /* Build configuration list for PBXProject "national-parks" */ = {
			isa = XCConfigurationList;
			buildConfigurations = (
				CA200F822BAD3E650019CD4E /* Debug */,
				CA200F832BAD3E650019CD4E /* Release */,
			);
			defaultConfigurationIsVisible = 0;
			defaultConfigurationName = Release;
		};
		CA200F842BAD3E650019CD4E /* Build configuration list for PBXNativeTarget "national-parks" */ = {
			isa = XCConfigurationList;
			buildConfigurations = (
				CA200F852BAD3E650019CD4E /* Debug */,
				CA200F862BAD3E650019CD4E /* Release */,
			);
			defaultConfigurationIsVisible = 0;
			defaultConfigurationName = Release;
		};
		CA200F872BAD3E650019CD4E /* Build configuration list for PBXNativeTarget "national-parksTests" */ = {
			isa = XCConfigurationList;
			buildConfigurations = (
				CA200F882BAD3E650019CD4E /* Debug */,
				CA200F892BAD3E650019CD4E /* Release */,
			);
			defaultConfigurationIsVisible = 0;
			defaultConfigurationName = Release;
		};
		CA200F8A2BAD3E650019CD4E /* Build configuration list for PBXNativeTarget "national-parksUITests" */ = {
			isa = XCConfigurationList;
			buildConfigurations = (
				CA200F8B2BAD3E650019CD4E /* Debug */,
				CA200F8C2BAD3E650019CD4E /* Release */,
			);
			defaultConfigurationIsVisible = 0;
			defaultConfigurationName = Release;
		};
/* End XCConfigurationList section */
	};
	rootObject = CA200F572BAD3E640019CD4E /* Project object */;
}
